// !$*UTF8*$!
{
	archiveVersion = 1;
	classes = {
	};
	objectVersion = 46;
	objects = {

/* Begin PBXBuildFile section */
		309309AA16364D8400328848 /* main.cpp in Sources */ = {isa = PBXBuildFile; fileRef = 309309A916364D8400328848 /* main.cpp */; };
		309309AC16364D8400328848 /* Portal_Effect.1 in CopyFiles */ = {isa = PBXBuildFile; fileRef = 309309AB16364D8400328848 /* Portal_Effect.1 */; };
/* End PBXBuildFile section */

/* Begin PBXCopyFilesBuildPhase section */
		309309A316364D8400328848 /* CopyFiles */ = {
			isa = PBXCopyFilesBuildPhase;
			buildActionMask = 2147483647;
			dstPath = /usr/share/man/man1/;
			dstSubfolderSpec = 0;
			files = (
				309309AC16364D8400328848 /* Portal_Effect.1 in CopyFiles */,
			);
			runOnlyForDeploymentPostprocessing = 1;
		};
/* End PBXCopyFilesBuildPhase section */

/* Begin PBXFileReference section */
		309309A516364D8400328848 /* Portal Effect */ = {isa = PBXFileReference; explicitFileType = "compiled.mach-o.executable"; includeInIndex = 0; path = "Portal Effect"; sourceTree = BUILT_PRODUCTS_DIR; };
		309309A916364D8400328848 /* main.cpp */ = {isa = PBXFileReference; lastKnownFileType = sourcecode.cpp.cpp; path = main.cpp; sourceTree = "<group>"; };
		309309AB16364D8400328848 /* Portal_Effect.1 */ = {isa = PBXFileReference; lastKnownFileType = text.man; path = Portal_Effect.1; sourceTree = "<group>"; };
/* End PBXFileReference section */

/* Begin PBXFrameworksBuildPhase section */
		309309A216364D8400328848 /* Frameworks */ = {
			isa = PBXFrameworksBuildPhase;
			buildActionMask = 2147483647;
			files = (
			);
			runOnlyForDeploymentPostprocessing = 0;
		};
/* End PBXFrameworksBuildPhase section */

/* Begin PBXGroup section */
		3093099A16364D8400328848 = {
			isa = PBXGroup;
			children = (
				309309A816364D8400328848 /* Portal Effect */,
				309309A616364D8400328848 /* Products */,
			);
			sourceTree = "<group>";
		};
		309309A616364D8400328848 /* Products */ = {
			isa = PBXGroup;
			children = (
				309309A516364D8400328848 /* Portal Effect */,
			);
			name = Products;
			sourceTree = "<group>";
		};
		309309A816364D8400328848 /* Portal Effect */ = {
			isa = PBXGroup;
			children = (
				309309A916364D8400328848 /* main.cpp */,
				309309AB16364D8400328848 /* Portal_Effect.1 */,
			);
			path = "Portal Effect";
			sourceTree = "<group>";
		};
/* End PBXGroup section */

/* Begin PBXNativeTarget section */
		309309A416364D8400328848 /* Portal Effect */ = {
			isa = PBXNativeTarget;
			buildConfigurationList = 309309AF16364D8400328848 /* Build configuration list for PBXNativeTarget "Portal Effect" */;
			buildPhases = (
				309309A116364D8400328848 /* Sources */,
				309309A216364D8400328848 /* Frameworks */,
				309309A316364D8400328848 /* CopyFiles */,
			);
			buildRules = (
			);
			dependencies = (
			);
			name = "Portal Effect";
			productName = "Portal Effect";
			productReference = 309309A516364D8400328848 /* Portal Effect */;
			productType = "com.apple.product-type.tool";
		};
/* End PBXNativeTarget section */

/* Begin PBXProject section */
		3093099C16364D8400328848 /* Project object */ = {
			isa = PBXProject;
			attributes = {
				LastUpgradeCheck = 0450;
				ORGANIZATIONNAME = "Saeed Mahani";
			};
			buildConfigurationList = 3093099F16364D8400328848 /* Build configuration list for PBXProject "Portal Effect" */;
			compatibilityVersion = "Xcode 3.2";
			developmentRegion = English;
			hasScannedForEncodings = 0;
			knownRegions = (
				en,
			);
			mainGroup = 3093099A16364D8400328848;
			productRefGroup = 309309A616364D8400328848 /* Products */;
			projectDirPath = "";
			projectRoot = "";
			targets = (
				309309A416364D8400328848 /* Portal Effect */,
			);
		};
/* End PBXProject section */

/* Begin PBXSourcesBuildPhase section */
		309309A116364D8400328848 /* Sources */ = {
			isa = PBXSourcesBuildPhase;
			buildActionMask = 2147483647;
			files = (
				309309AA16364D8400328848 /* main.cpp in Sources */,
			);
			runOnlyForDeploymentPostprocessing = 0;
		};
/* End PBXSourcesBuildPhase section */

/* Begin XCBuildConfiguration section */
		309309AD16364D8400328848 /* Debug */ = {
			isa = XCBuildConfiguration;
			buildSettings = {
				ALWAYS_SEARCH_USER_PATHS = NO;
				ARCHS = "$(ARCHS_STANDARD_64_BIT)";
				CLANG_CXX_LANGUAGE_STANDARD = "gnu++0x";
				CLANG_CXX_LIBRARY = "libc++";
				CLANG_WARN_EMPTY_BODY = YES;
				CLANG_WARN__DUPLICATE_METHOD_MATCH = YES;
				COPY_PHASE_STRIP = NO;
				GCC_C_LANGUAGE_STANDARD = gnu99;
				GCC_DYNAMIC_NO_PIC = NO;
				GCC_ENABLE_OBJC_EXCEPTIONS = YES;
				GCC_OPTIMIZATION_LEVEL = 0;
				GCC_PREPROCESSOR_DEFINITIONS = (
					"DEBUG=1",
					"$(inherited)",
				);
				GCC_SYMBOLS_PRIVATE_EXTERN = NO;
				GCC_WARN_64_TO_32_BIT_CONVERSION = YES;
				GCC_WARN_ABOUT_RETURN_TYPE = YES;
				GCC_WARN_UNINITIALIZED_AUTOS = YES;
				GCC_WARN_UNUSED_VARIABLE = YES;
				MACOSX_DEPLOYMENT_TARGET = 10.8;
				ONLY_ACTIVE_ARCH = YES;
				SDKROOT = macosx;
			};
			name = Debug;
		};
		309309AE16364D8400328848 /* Release */ = {
			isa = XCBuildConfiguration;
			buildSettings = {
				ALWAYS_SEARCH_USER_PATHS = NO;
				ARCHS = "$(ARCHS_STANDARD_64_BIT)";
				CLANG_CXX_LANGUAGE_STANDARD = "gnu++0x";
				CLANG_CXX_LIBRARY = "libc++";
				CLANG_WARN_EMPTY_BODY = YES;
				CLANG_WARN__DUPLICATE_METHOD_MATCH = YES;
				COPY_PHASE_STRIP = YES;
				DEBUG_INFORMATION_FORMAT = "dwarf-with-dsym";
				GCC_C_LANGUAGE_STANDARD = gnu99;
				GCC_ENABLE_OBJC_EXCEPTIONS = YES;
				GCC_WARN_64_TO_32_BIT_CONVERSION = YES;
				GCC_WARN_ABOUT_RETURN_TYPE = YES;
				GCC_WARN_UNINITIALIZED_AUTOS = YES;
				GCC_WARN_UNUSED_VARIABLE = YES;
				MACOSX_DEPLOYMENT_TARGET = 10.8;
				SDKROOT = macosx;
			};
			name = Release;
		};
		309309B016364D8400328848 /* Debug */ = {
			isa = XCBuildConfiguration;
			buildSettings = {
				PRODUCT_NAME = "$(TARGET_NAME)";
			};
			name = Debug;
		};
		309309B116364D8400328848 /* Release */ = {
			isa = XCBuildConfiguration;
			buildSettings = {
				PRODUCT_NAME = "$(TARGET_NAME)";
			};
			name = Release;
		};
/* End XCBuildConfiguration section */

/* Begin XCConfigurationList section */
		3093099F16364D8400328848 /* Build configuration list for PBXProject "Portal Effect" */ = {
			isa = XCConfigurationList;
			buildConfigurations = (
				309309AD16364D8400328848 /* Debug */,
				309309AE16364D8400328848 /* Release */,
			);
			defaultConfigurationIsVisible = 0;
			defaultConfigurationName = Release;
		};
		309309AF16364D8400328848 /* Build configuration list for PBXNativeTarget "Portal Effect" */ = {
			isa = XCConfigurationList;
			buildConfigurations = (
				309309B016364D8400328848 /* Debug */,
				309309B116364D8400328848 /* Release */,
			);
			defaultConfigurationIsVisible = 0;
		};
/* End XCConfigurationList section */
	};
	rootObject = 3093099C16364D8400328848 /* Project object */;
}
